
Microsoft Visual Studio Solution File, Format Version 12.00
# Visual Studio 15
VisualStudioVersion = 15.0.27004.2009
MinimumVisualStudioVersion = 10.0.40219.1
Project("{FAE04EC0-301F-11D3-BF4B-00C04F79EFBC}") = "AuthWebApp", "AuthWebApp\AuthWebApp.csproj", "{463A875D-FB6B-465C-8C86-9AC5DD7CCB4E}"
EndProject
Global
	GlobalSection(SolutionConfigurationPlatforms) = preSolution
		Debug|Any CPU = Debug|Any CPU
		Release|Any CPU = Release|Any CPU
	EndGlobalSection
	GlobalSection(ProjectConfigurationPlatforms) = postSolution
		{463A875D-FB6B-465C-8C86-9AC5DD7CCB4E}.Debug|Any CPU.ActiveCfg = Debug|Any CPU
		{463A875D-FB6B-465C-8C86-9AC5DD7CCB4E}.Debug|Any CPU.Build.0 = Debug|Any CPU
		{463A875D-FB6B-465C-8C86-9AC5DD7CCB4E}.Release|Any CPU.ActiveCfg = Release|Any CPU
		{463A875D-FB6B-465C-8C86-9AC5DD7CCB4E}.Release|Any CPU.Build.0 = Release|Any CPU
	EndGlobalSection
	GlobalSection(SolutionProperties) = preSolution
		HideSolutionNode = FALSE
	EndGlobalSection
	GlobalSection(ExtensibilityGlobals) = postSolution
		SolutionGuid = {86BE2F76-E3AA-43F8-B3DE-4F81127875AE}
	EndGlobalSection
EndGlobal
